// !$*UTF8*$!
{
	archiveVersion = 1;
	classes = {
	};
	objectVersion = 51;
	objects = {

/* Begin PBXBuildFile section */
		649EDBA625B917FA00074324 /* AppDelegate.swift in Sources */ = {isa = PBXBuildFile; fileRef = 649EDBA525B917FA00074324 /* AppDelegate.swift */; };
		649EDBA825B917FA00074324 /* SceneDelegate.swift in Sources */ = {isa = PBXBuildFile; fileRef = 649EDBA725B917FA00074324 /* SceneDelegate.swift */; };
		649EDBAA25B917FA00074324 /* ViewController.swift in Sources */ = {isa = PBXBuildFile; fileRef = 649EDBA925B917FA00074324 /* ViewController.swift */; };
		649EDBAD25B917FA00074324 /* Main.storyboard in Resources */ = {isa = PBXBuildFile; fileRef = 649EDBAB25B917FA00074324 /* Main.storyboard */; };
		649EDBB025B917FA00074324 /* RedBook.xcdatamodeld in Sources */ = {isa = PBXBuildFile; fileRef = 649EDBAE25B917FA00074324 /* RedBook.xcdatamodeld */; };
		649EDBB225B917FB00074324 /* Assets.xcassets in Resources */ = {isa = PBXBuildFile; fileRef = 649EDBB125B917FB00074324 /* Assets.xcassets */; };
		649EDBB525B917FB00074324 /* LaunchScreen.storyboard in Resources */ = {isa = PBXBuildFile; fileRef = 649EDBB325B917FB00074324 /* LaunchScreen.storyboard */; };
		8582DD4842256C7C95DE56CB /* Pods_RedBook.framework in Frameworks */ = {isa = PBXBuildFile; fileRef = BC8E1DCDC242E02F395A309B /* Pods_RedBook.framework */; };
/* End PBXBuildFile section */

/* Begin PBXFileReference section */
		0A768797A8BF247D967BE1A6 /* Pods-RedBook.debug.xcconfig */ = {isa = PBXFileReference; includeInIndex = 1; lastKnownFileType = text.xcconfig; name = "Pods-RedBook.debug.xcconfig"; path = "Target Support Files/Pods-RedBook/Pods-RedBook.debug.xcconfig"; sourceTree = "<group>"; };
		649EDBA225B917FA00074324 /* RedBook.app */ = {isa = PBXFileReference; explicitFileType = wrapper.application; includeInIndex = 0; path = RedBook.app; sourceTree = BUILT_PRODUCTS_DIR; };
		649EDBA525B917FA00074324 /* AppDelegate.swift */ = {isa = PBXFileReference; lastKnownFileType = sourcecode.swift; path = AppDelegate.swift; sourceTree = "<group>"; };
		649EDBA725B917FA00074324 /* SceneDelegate.swift */ = {isa = PBXFileReference; lastKnownFileType = sourcecode.swift; path = SceneDelegate.swift; sourceTree = "<group>"; };
		649EDBA925B917FA00074324 /* ViewController.swift */ = {isa = PBXFileReference; lastKnownFileType = sourcecode.swift; path = ViewController.swift; sourceTree = "<group>"; };
		649EDBAC25B917FA00074324 /* Base */ = {isa = PBXFileReference; lastKnownFileType = file.storyboard; name = Base; path = Base.lproj/Main.storyboard; sourceTree = "<group>"; };
		649EDBAF25B917FA00074324 /* RedBook.xcdatamodel */ = {isa = PBXFileReference; lastKnownFileType = wrapper.xcdatamodel; path = RedBook.xcdatamodel; sourceTree = "<group>"; };
		649EDBB125B917FB00074324 /* Assets.xcassets */ = {isa = PBXFileReference; lastKnownFileType = folder.assetcatalog; path = Assets.xcassets; sourceTree = "<group>"; };
		649EDBB425B917FB00074324 /* Base */ = {isa = PBXFileReference; lastKnownFileType = file.storyboard; name = Base; path = Base.lproj/LaunchScreen.storyboard; sourceTree = "<group>"; };
		649EDBB625B917FB00074324 /* Info.plist */ = {isa = PBXFileReference; lastKnownFileType = text.plist.xml; path = Info.plist; sourceTree = "<group>"; };
		BC8E1DCDC242E02F395A309B /* Pods_RedBook.framework */ = {isa = PBXFileReference; explicitFileType = wrapper.framework; includeInIndex = 0; path = Pods_RedBook.framework; sourceTree = BUILT_PRODUCTS_DIR; };
		D429652A55EB4B787D4CFD93 /* Pods-RedBook.release.xcconfig */ = {isa = PBXFileReference; includeInIndex = 1; lastKnownFileType = text.xcconfig; name = "Pods-RedBook.release.xcconfig"; path = "Target Support Files/Pods-RedBook/Pods-RedBook.release.xcconfig"; sourceTree = "<group>"; };
/* End PBXFileReference section */

/* Begin PBXFrameworksBuildPhase section */
		649EDB9F25B917FA00074324 /* Frameworks */ = {
			isa = PBXFrameworksBuildPhase;
			buildActionMask = 2147483647;
			files = (
				8582DD4842256C7C95DE56CB /* Pods_RedBook.framework in Frameworks */,
			);
			runOnlyForDeploymentPostprocessing = 0;
		};
/* End PBXFrameworksBuildPhase section */

/* Begin PBXGroup section */
		649EDB9925B917FA00074324 = {
			isa = PBXGroup;
			children = (
				649EDBA425B917FA00074324 /* RedBook */,
				649EDBA325B917FA00074324 /* Products */,
				742BC99B6512F176A98A746A /* Pods */,
				C4E08B77B9ED60932646EE47 /* Frameworks */,
			);
			sourceTree = "<group>";
		};
		649EDBA325B917FA00074324 /* Products */ = {
			isa = PBXGroup;
			children = (
				649EDBA225B917FA00074324 /* RedBook.app */,
			);
			name = Products;
			sourceTree = "<group>";
		};
		649EDBA425B917FA00074324 /* RedBook */ = {
			isa = PBXGroup;
			children = (
				649EDBA525B917FA00074324 /* AppDelegate.swift */,
				649EDBA725B917FA00074324 /* SceneDelegate.swift */,
				649EDBA925B917FA00074324 /* ViewController.swift */,
				649EDBAB25B917FA00074324 /* Main.storyboard */,
				649EDBB125B917FB00074324 /* Assets.xcassets */,
				649EDBB325B917FB00074324 /* LaunchScreen.storyboard */,
				649EDBB625B917FB00074324 /* Info.plist */,
				649EDBAE25B917FA00074324 /* RedBook.xcdatamodeld */,
			);
			path = RedBook;
			sourceTree = "<group>";
		};
		742BC99B6512F176A98A746A /* Pods */ = {
			isa = PBXGroup;
			children = (
				0A768797A8BF247D967BE1A6 /* Pods-RedBook.debug.xcconfig */,
				D429652A55EB4B787D4CFD93 /* Pods-RedBook.release.xcconfig */,
			);
			path = Pods;
			sourceTree = "<group>";
		};
		C4E08B77B9ED60932646EE47 /* Frameworks */ = {
			isa = PBXGroup;
			children = (
				BC8E1DCDC242E02F395A309B /* Pods_RedBook.framework */,
			);
			name = Frameworks;
			sourceTree = "<group>";
		};
/* End PBXGroup section */

/* Begin PBXNativeTarget section */
		649EDBA125B917FA00074324 /* RedBook */ = {
			isa = PBXNativeTarget;
			buildConfigurationList = 649EDBB925B917FB00074324 /* Build configuration list for PBXNativeTarget "RedBook" */;
			buildPhases = (
				17C45C925A2AC05AF5DD2B91 /* [CP] Check Pods Manifest.lock */,
				649EDB9E25B917FA00074324 /* Sources */,
				649EDB9F25B917FA00074324 /* Frameworks */,
				649EDBA025B917FA00074324 /* Resources */,
				F2723A2774EA44B799A2106C /* [CP] Embed Pods Frameworks */,
			);
			buildRules = (
			);
			dependencies = (
			);
			name = RedBook;
			productName = RedBook;
			productReference = 649EDBA225B917FA00074324 /* RedBook.app */;
			productType = "com.apple.product-type.application";
		};
/* End PBXNativeTarget section */

/* Begin PBXProject section */
		649EDB9A25B917FA00074324 /* Project object */ = {
			isa = PBXProject;
			attributes = {
				LastSwiftUpdateCheck = 1230;
				LastUpgradeCheck = 1230;
				TargetAttributes = {
					649EDBA125B917FA00074324 = {
						CreatedOnToolsVersion = 12.3;
					};
				};
			};
			buildConfigurationList = 649EDB9D25B917FA00074324 /* Build configuration list for PBXProject "RedBook" */;
			compatibilityVersion = "Xcode 9.3";
			developmentRegion = en;
			hasScannedForEncodings = 0;
			knownRegions = (
				en,
				Base,
			);
			mainGroup = 649EDB9925B917FA00074324;
			productRefGroup = 649EDBA325B917FA00074324 /* Products */;
			projectDirPath = "";
			projectRoot = "";
			targets = (
				649EDBA125B917FA00074324 /* RedBook */,
			);
		};
/* End PBXProject section */

/* Begin PBXResourcesBuildPhase section */
		649EDBA025B917FA00074324 /* Resources */ = {
			isa = PBXResourcesBuildPhase;
			buildActionMask = 2147483647;
			files = (
				649EDBB525B917FB00074324 /* LaunchScreen.storyboard in Resources */,
				649EDBB225B917FB00074324 /* Assets.xcassets in Resources */,
				649EDBAD25B917FA00074324 /* Main.storyboard in Resources */,
			);
			runOnlyForDeploymentPostprocessing = 0;
		};
/* End PBXResourcesBuildPhase section */

/* Begin PBXShellScriptBuildPhase section */
		17C45C925A2AC05AF5DD2B91 /* [CP] Check Pods Manifest.lock */ = {
			isa = PBXShellScriptBuildPhase;
			buildActionMask = 2147483647;
			files = (
			);
			inputFileListPaths = (
			);
			inputPaths = (
				"${PODS_PODFILE_DIR_PATH}/Podfile.lock",
				"${PODS_ROOT}/Manifest.lock",
			);
			name = "[CP] Check Pods Manifest.lock";
			outputFileListPaths = (
			);
			outputPaths = (
				"$(DERIVED_FILE_DIR)/Pods-RedBook-checkManifestLockResult.txt",
			);
			runOnlyForDeploymentPostprocessing = 0;
			shellPath = /bin/sh;
			shellScript = "diff \"${PODS_PODFILE_DIR_PATH}/Podfile.lock\" \"${PODS_ROOT}/Manifest.lock\" > /dev/null\nif [ $? != 0 ] ; then\n    # print error to STDERR\n    echo \"error: The sandbox is not in sync with the Podfile.lock. Run 'pod install' or update your CocoaPods installation.\" >&2\n    exit 1\nfi\n# This output is used by Xcode 'outputs' to avoid re-running this script phase.\necho \"SUCCESS\" > \"${SCRIPT_OUTPUT_FILE_0}\"\n";
			showEnvVarsInLog = 0;
		};
		F2723A2774EA44B799A2106C /* [CP] Embed Pods Frameworks */ = {
			isa = PBXShellScriptBuildPhase;
			buildActionMask = 2147483647;
			files = (
			);
			inputFileListPaths = (
				"${PODS_ROOT}/Target Support Files/Pods-RedBook/Pods-RedBook-frameworks-${CONFIGURATION}-input-files.xcfilelist",
			);
			name = "[CP] Embed Pods Frameworks";
			outputFileListPaths = (
				"${PODS_ROOT}/Target Support Files/Pods-RedBook/Pods-RedBook-frameworks-${CONFIGURATION}-output-files.xcfilelist",
			);
			runOnlyForDeploymentPostprocessing = 0;
			shellPath = /bin/sh;
			shellScript = "\"${PODS_ROOT}/Target Support Files/Pods-RedBook/Pods-RedBook-frameworks.sh\"\n";
			showEnvVarsInLog = 0;
		};
/* End PBXShellScriptBuildPhase section */

/* Begin PBXSourcesBuildPhase section */
		649EDB9E25B917FA00074324 /* Sources */ = {
			isa = PBXSourcesBuildPhase;
			buildActionMask = 2147483647;
			files = (
				649EDBAA25B917FA00074324 /* ViewController.swift in Sources */,
				649EDBA625B917FA00074324 /* AppDelegate.swift in Sources */,
				649EDBB025B917FA00074324 /* RedBook.xcdatamodeld in Sources */,
				649EDBA825B917FA00074324 /* SceneDelegate.swift in Sources */,
			);
			runOnlyForDeploymentPostprocessing = 0;
		};
/* End PBXSourcesBuildPhase section */

/* Begin PBXVariantGroup section */
		649EDBAB25B917FA00074324 /* Main.storyboard */ = {
			isa = PBXVariantGroup;
			children = (
				649EDBAC25B917FA00074324 /* Base */,
			);
			name = Main.storyboard;
			sourceTree = "<group>";
		};
		649EDBB325B917FB00074324 /* LaunchScreen.storyboard */ = {
			isa = PBXVariantGroup;
			children = (
				649EDBB425B917FB00074324 /* Base */,
			);
			name = LaunchScreen.storyboard;
			sourceTree = "<group>";
		};
/* End PBXVariantGroup section */

/* Begin XCBuildConfiguration section */
		649EDBB725B917FB00074324 /* Debug */ = {
			isa = XCBuildConfiguration;
			buildSettings = {
				ALWAYS_SEARCH_USER_PATHS = NO;
				CLANG_ANALYZER_NONNULL = YES;
				CLANG_ANALYZER_NUMBER_OBJECT_CONVERSION = YES_AGGRESSIVE;
				CLANG_CXX_LANGUAGE_STANDARD = "gnu++14";
				CLANG_CXX_LIBRARY = "libc++";
				CLANG_ENABLE_MODULES = YES;
				CLANG_ENABLE_OBJC_ARC = YES;
				CLANG_ENABLE_OBJC_WEAK = YES;
				CLANG_WARN_BLOCK_CAPTURE_AUTORELEASING = YES;
				CLANG_WARN_BOOL_CONVERSION = YES;
				CLANG_WARN_COMMA = YES;
				CLANG_WARN_CONSTANT_CONVERSION = YES;
				CLANG_WARN_DEPRECATED_OBJC_IMPLEMENTATIONS = YES;
				CLANG_WARN_DIRECT_OBJC_ISA_USAGE = YES_ERROR;
				CLANG_WARN_DOCUMENTATION_COMMENTS = YES;
				CLANG_WARN_EMPTY_BODY = YES;
				CLANG_WARN_ENUM_CONVERSION = YES;
				CLANG_WARN_INFINITE_RECURSION = YES;
				CLANG_WARN_INT_CONVERSION = YES;
				CLANG_WARN_NON_LITERAL_NULL_CONVERSION = YES;
				CLANG_WARN_OBJC_IMPLICIT_RETAIN_SELF = YES;
				CLANG_WARN_OBJC_LITERAL_CONVERSION = YES;
				CLANG_WARN_OBJC_ROOT_CLASS = YES_ERROR;
				CLANG_WARN_QUOTED_INCLUDE_IN_FRAMEWORK_HEADER = YES;
				CLANG_WARN_RANGE_LOOP_ANALYSIS = YES;
				CLANG_WARN_STRICT_PROTOTYPES = YES;
				CLANG_WARN_SUSPICIOUS_MOVE = YES;
				CLANG_WARN_UNGUARDED_AVAILABILITY = YES_AGGRESSIVE;
				CLANG_WARN_UNREACHABLE_CODE = YES;
				CLANG_WARN__DUPLICATE_METHOD_MATCH = YES;
				COPY_PHASE_STRIP = NO;
				DEBUG_INFORMATION_FORMAT = dwarf;
				ENABLE_STRICT_OBJC_MSGSEND = YES;
				ENABLE_TESTABILITY = YES;
				GCC_C_LANGUAGE_STANDARD = gnu11;
				GCC_DYNAMIC_NO_PIC = NO;
				GCC_NO_COMMON_BLOCKS = YES;
				GCC_OPTIMIZATION_LEVEL = 0;
				GCC_PREPROCESSOR_DEFINITIONS = (
					"DEBUG=1",
					"$(inherited)",
				);
				GCC_WARN_64_TO_32_BIT_CONVERSION = YES;
				GCC_WARN_ABOUT_RETURN_TYPE = YES_ERROR;
				GCC_WARN_UNDECLARED_SELECTOR = YES;
				GCC_WARN_UNINITIALIZED_AUTOS = YES_AGGRESSIVE;
				GCC_WARN_UNUSED_FUNCTION = YES;
				GCC_WARN_UNUSED_VARIABLE = YES;
				IPHONEOS_DEPLOYMENT_TARGET = 14.3;
				MTL_ENABLE_DEBUG_INFO = INCLUDE_SOURCE;
				MTL_FAST_MATH = YES;
				ONLY_ACTIVE_ARCH = YES;
				SDKROOT = iphoneos;
				SWIFT_ACTIVE_COMPILATION_CONDITIONS = DEBUG;
				SWIFT_OPTIMIZATION_LEVEL = "-Onone";
			};
			name = Debug;
		};
		649EDBB825B917FB00074324 /* Release */ = {
			isa = XCBuildConfiguration;
			buildSettings = {
				ALWAYS_SEARCH_USER_PATHS = NO;
				CLANG_ANALYZER_NONNULL = YES;
				CLANG_ANALYZER_NUMBER_OBJECT_CONVERSION = YES_AGGRESSIVE;
				CLANG_CXX_LANGUAGE_STANDARD = "gnu++14";
				CLANG_CXX_LIBRARY = "libc++";
				CLANG_ENABLE_MODULES = YES;
				CLANG_ENABLE_OBJC_ARC = YES;
				CLANG_ENABLE_OBJC_WEAK = YES;
				CLANG_WARN_BLOCK_CAPTURE_AUTORELEASING = YES;
				CLANG_WARN_BOOL_CONVERSION = YES;
				CLANG_WARN_COMMA = YES;
				CLANG_WARN_CONSTANT_CONVERSION = YES;
				CLANG_WARN_DEPRECATED_OBJC_IMPLEMENTATIONS = YES;
				CLANG_WARN_DIRECT_OBJC_ISA_USAGE = YES_ERROR;
				CLANG_WARN_DOCUMENTATION_COMMENTS = YES;
				CLANG_WARN_EMPTY_BODY = YES;
				CLANG_WARN_ENUM_CONVERSION = YES;
				CLANG_WARN_INFINITE_RECURSION = YES;
				CLANG_WARN_INT_CONVERSION = YES;
				CLANG_WARN_NON_LITERAL_NULL_CONVERSION = YES;
				CLANG_WARN_OBJC_IMPLICIT_RETAIN_SELF = YES;
				CLANG_WARN_OBJC_LITERAL_CONVERSION = YES;
				CLANG_WARN_OBJC_ROOT_CLASS = YES_ERROR;
				CLANG_WARN_QUOTED_INCLUDE_IN_FRAMEWORK_HEADER = YES;
				CLANG_WARN_RANGE_LOOP_ANALYSIS = YES;
				CLANG_WARN_STRICT_PROTOTYPES = YES;
				CLANG_WARN_SUSPICIOUS_MOVE = YES;
				CLANG_WARN_UNGUARDED_AVAILABILITY = YES_AGGRESSIVE;
				CLANG_WARN_UNREACHABLE_CODE = YES;
				CLANG_WARN__DUPLICATE_METHOD_MATCH = YES;
				COPY_PHASE_STRIP = NO;
				DEBUG_INFORMATION_FORMAT = "dwarf-with-dsym";
				ENABLE_NS_ASSERTIONS = NO;
				ENABLE_STRICT_OBJC_MSGSEND = YES;
				GCC_C_LANGUAGE_STANDARD = gnu11;
				GCC_NO_COMMON_BLOCKS = YES;
				GCC_WARN_64_TO_32_BIT_CONVERSION = YES;
				GCC_WARN_ABOUT_RETURN_TYPE = YES_ERROR;
				GCC_WARN_UNDECLARED_SELECTOR = YES;
				GCC_WARN_UNINITIALIZED_AUTOS = YES_AGGRESSIVE;
				GCC_WARN_UNUSED_FUNCTION = YES;
				GCC_WARN_UNUSED_VARIABLE = YES;
				IPHONEOS_DEPLOYMENT_TARGET = 14.3;
				MTL_ENABLE_DEBUG_INFO = NO;
				MTL_FAST_MATH = YES;
				SDKROOT = iphoneos;
				SWIFT_COMPILATION_MODE = wholemodule;
				SWIFT_OPTIMIZATION_LEVEL = "-O";
				VALIDATE_PRODUCT = YES;
			};
			name = Release;
		};
		649EDBBA25B917FB00074324 /* Debug */ = {
			isa = XCBuildConfiguration;
			baseConfigurationReference = 0A768797A8BF247D967BE1A6 /* Pods-RedBook.debug.xcconfig */;
			buildSettings = {
				ASSETCATALOG_COMPILER_APPICON_NAME = AppIcon;
				ASSETCATALOG_COMPILER_GLOBAL_ACCENT_COLOR_NAME = AccentColor;
				CODE_SIGN_STYLE = Automatic;
				DEVELOPMENT_TEAM = CLUSE9BRPP;
				INFOPLIST_FILE = RedBook/Info.plist;
				IPHONEOS_DEPLOYMENT_TARGET = 14.3;
				LD_RUNPATH_SEARCH_PATHS = (
					"$(inherited)",
					"@executable_path/Frameworks",
				);
				PRODUCT_BUNDLE_IDENTIFIER = com.dm.RedBook;
				PRODUCT_NAME = "$(TARGET_NAME)";
				SWIFT_VERSION = 5.0;
				TARGETED_DEVICE_FAMILY = 1;
			};
			name = Debug;
		};
		649EDBBB25B917FB00074324 /* Release */ = {
			isa = XCBuildConfiguration;
			baseConfigurationReference = D429652A55EB4B787D4CFD93 /* Pods-RedBook.release.xcconfig */;
			buildSettings = {
				ASSETCATALOG_COMPILER_APPICON_NAME = AppIcon;
				ASSETCATALOG_COMPILER_GLOBAL_ACCENT_COLOR_NAME = AccentColor;
				CODE_SIGN_STYLE = Automatic;
				DEVELOPMENT_TEAM = CLUSE9BRPP;
				INFOPLIST_FILE = RedBook/Info.plist;
				IPHONEOS_DEPLOYMENT_TARGET = 14.3;
				LD_RUNPATH_SEARCH_PATHS = (
					"$(inherited)",
					"@executable_path/Frameworks",
				);
				PRODUCT_BUNDLE_IDENTIFIER = com.dm.RedBook;
				PRODUCT_NAME = "$(TARGET_NAME)";
				SWIFT_VERSION = 5.0;
				TARGETED_DEVICE_FAMILY = 1;
			};
			name = Release;
		};
/* End XCBuildConfiguration section */

/* Begin XCConfigurationList section */
		649EDB9D25B917FA00074324 /* Build configuration list for PBXProject "RedBook" */ = {
			isa = XCConfigurationList;
			buildConfigurations = (
				649EDBB725B917FB00074324 /* Debug */,
				649EDBB825B917FB00074324 /* Release */,
			);
			defaultConfigurationIsVisible = 0;
			defaultConfigurationName = Release;
		};
		649EDBB925B917FB00074324 /* Build configuration list for PBXNativeTarget "RedBook" */ = {
			isa = XCConfigurationList;
			buildConfigurations = (
				649EDBBA25B917FB00074324 /* Debug */,
				649EDBBB25B917FB00074324 /* Release */,
			);
			defaultConfigurationIsVisible = 0;
			defaultConfigurationName = Release;
		};
/* End XCConfigurationList section */

/* Begin XCVersionGroup section */
		649EDBAE25B917FA00074324 /* RedBook.xcdatamodeld */ = {
			isa = XCVersionGroup;
			children = (
				649EDBAF25B917FA00074324 /* RedBook.xcdatamodel */,
			);
			currentVersion = 649EDBAF25B917FA00074324 /* RedBook.xcdatamodel */;
			path = RedBook.xcdatamodeld;
			sourceTree = "<group>";
			versionGroupType = wrapper.xcdatamodel;
		};
/* End XCVersionGroup section */
	};
	rootObject = 649EDB9A25B917FA00074324 /* Project object */;
}
